# This file is automatically @generated by Cargo.
# It is not intended for manual editing.
version = 4

[[package]]
name = "casivell-core"
version = "0.1.0"

[[package]]
name = "casivell-lawdata"
version = "0.1.0"
dependencies = [
 "casivell-core",
]

[[package]]
name = "casivell-payroll"
version = "0.1.0"
dependencies = [
 "casivell-core",
 "casivell-lawdata",
 "casivell-social",
 "casivell-tax",
]

[[package]]
name = "casivell-social"
version = "0.1.0"
dependencies = [
 "casivell-core",
 "casivell-lawdata",
]

[[package]]
name = "casivell-tax"
version = "0.1.0"
dependencies = [
 "casivell-core",
 "casivell-lawdata",
]
